
Microsoft Visual Studio Solution File, Format Version 12.00
# Visual Studio Version 17
VisualStudioVersion = 17.9.34728.123
MinimumVisualStudioVersion = 10.0.40219.1
Project("{FAE04EC0-301F-11D3-BF4B-00C04F79EFBC}") = "MyNerdyNest.Web", "MyNerdyNest.Web\MyNerdyNest.Web.csproj", "{4EFFC32D-9186-4639-A6A2-2379CC774A0C}"
EndProject
Global
	GlobalSection(SolutionConfigurationPlatforms) = preSolution
		Debug|Any CPU = Debug|Any CPU
		Release|Any CPU = Release|Any CPU
	EndGlobalSection
	GlobalSection(ProjectConfigurationPlatforms) = postSolution
		{4EFFC32D-9186-4639-A6A2-2379CC774A0C}.Debug|Any CPU.ActiveCfg = Debug|Any CPU
		{4EFFC32D-9186-4639-A6A2-2379CC774A0C}.Debug|Any CPU.Build.0 = Debug|Any CPU
		{4EFFC32D-9186-4639-A6A2-2379CC774A0C}.Release|Any CPU.ActiveCfg = Release|Any CPU
		{4EFFC32D-9186-4639-A6A2-2379CC774A0C}.Release|Any CPU.Build.0 = Release|Any CPU
	EndGlobalSection
	GlobalSection(SolutionProperties) = preSolution
		HideSolutionNode = FALSE
	EndGlobalSection
	GlobalSection(ExtensibilityGlobals) = postSolution
		SolutionGuid = {87E1F982-873F-4A7D-82A7-3F20883D591F}
	EndGlobalSection
EndGlobal
